{
  "nodes": {
    "advisory-db": {
      "flake": false,
      "locked": {
        "lastModified": 1764961644,
        "narHash": "sha256-IjQ/BGpfkT9qctlaZMK8UbZcQlkw9F0ZVscTk7IlsqA=",
        "owner": "rustsec",
        "repo": "advisory-db",
        "rev": "5d6f7fbf103a21c952246b1932a9c217147a98d8",
        "type": "github"
      },
      "original": {
        "owner": "rustsec",
        "repo": "advisory-db",
        "type": "github"
      }
    },
    "crane": {
      "locked": {
        "lastModified": 1764903584,
        "narHash": "sha256-RSkJtNtx0SEaQiYqsoFoRynwfZLo2OZ9z6rUq1DJR6g=",
        "owner": "ipetkov",
        "repo": "crane",
        "rev": "2b3a5a88d852575758e1eb6ac9ee677fcd633fc1",
        "type": "github"
      },
      "original": {
        "owner": "ipetkov",
        "repo": "crane",
        "type": "github"
      }
    },
    "fenix": {
      "inputs": {
        "nixpkgs": ["nixpkgs"],
        "rust-analyzer-src": "rust-analyzer-src"
      },
      "locked": {
        "lastModified": 1764915802,
        "narHash": "sha256-eHTucU43sRCpvvTt5eey9htcWipS7ZN3B7ts6MiXLxo=",
        "owner": "nix-community",
        "repo": "fenix",
        "rev": "a83a78fd3587d9f3388f0b459ad9c2bbd6d1b6d8",
        "type": "github"
      },
      "original": {
        "owner": "nix-community",
        "repo": "fenix",
        "type": "github"
      }
    },
    "nixpkgs": {
      "locked": {
        "lastModified": 1764915887,
        "narHash": "sha256-CeBCJ9BMsuzVgn8GVfuSRZ6xeau7szzG0Xn6O/OxP9M=",
        "owner": "nixos",
        "repo": "nixpkgs",
        "rev": "42e29df35be6ef54091d3a3b4e97056ce0a98ce8",
        "type": "github"
      },
      "original": {
        "owner": "nixos",
        "ref": "nixpkgs-unstable",
        "repo": "nixpkgs",
        "type": "github"
      }
    },
    "root": {
      "inputs": {
        "advisory-db": "advisory-db",
        "crane": "crane",
        "fenix": "fenix",
        "nixpkgs": "nixpkgs"
      }
    },
    "rust-analyzer-src": {
      "flake": false,
      "locked": {
        "lastModified": 1764778537,
        "narHash": "sha256-SNL+Fj1ZWiBqCrHJT1S9vMZujrWxCOmf3zkT66XSnhE=",
        "owner": "rust-lang",
        "repo": "rust-analyzer",
        "rev": "633cff25206d5108043d87617a43c9d04aa42c88",
        "type": "github"
      },
      "original": {
        "owner": "rust-lang",
        "ref": "nightly",
        "repo": "rust-analyzer",
        "type": "github"
      }
    }
  },
  "root": "root",
  "version": 7
}
